
Microsoft Visual Studio Solution File, Format Version 12.00
# Visual Studio Version 17
VisualStudioVersion = 17.7.34202.233
MinimumVisualStudioVersion = 10.0.40219.1
Project("{FAE04EC0-301F-11D3-BF4B-00C04F79EFBC}") = "prj_RestaurantApi", "prj_RestaurantApi.csproj", "{C69D23CA-0751-4E81-BD25-7227B739B329}"
EndProject
Global
	GlobalSection(SolutionConfigurationPlatforms) = preSolution
		Debug|Any CPU = Debug|Any CPU
		Release|Any CPU = Release|Any CPU
	EndGlobalSection
	GlobalSection(ProjectConfigurationPlatforms) = postSolution
		{C69D23CA-0751-4E81-BD25-7227B739B329}.Debug|Any CPU.ActiveCfg = Debug|Any CPU
		{C69D23CA-0751-4E81-BD25-7227B739B329}.Debug|Any CPU.Build.0 = Debug|Any CPU
		{C69D23CA-0751-4E81-BD25-7227B739B329}.Release|Any CPU.ActiveCfg = Release|Any CPU
		{C69D23CA-0751-4E81-BD25-7227B739B329}.Release|Any CPU.Build.0 = Release|Any CPU
	EndGlobalSection
	GlobalSection(SolutionProperties) = preSolution
		HideSolutionNode = FALSE
	EndGlobalSection
	GlobalSection(ExtensibilityGlobals) = postSolution
		SolutionGuid = {13445656-D10C-496E-B414-A372465E99E0}
	EndGlobalSection
EndGlobal
